
Microsoft Visual Studio Solution File, Format Version 12.00
# Visual Studio Version 16
VisualStudioVersion = 16.0.31025.194
MinimumVisualStudioVersion = 10.0.40219.1
Project("{FAE04EC0-301F-11D3-BF4B-00C04F79EFBC}") = "Cars", "Cars\Cars.csproj", "{D4A8A90E-7F02-42C2-BA40-45581C8CF51A}"
EndProject
Global
	GlobalSection(SolutionConfigurationPlatforms) = preSolution
		Debug|Any CPU = Debug|Any CPU
		Release|Any CPU = Release|Any CPU
	EndGlobalSection
	GlobalSection(ProjectConfigurationPlatforms) = postSolution
		{D4A8A90E-7F02-42C2-BA40-45581C8CF51A}.Debug|Any CPU.ActiveCfg = Debug|Any CPU
		{D4A8A90E-7F02-42C2-BA40-45581C8CF51A}.Debug|Any CPU.Build.0 = Debug|Any CPU
		{D4A8A90E-7F02-42C2-BA40-45581C8CF51A}.Release|Any CPU.ActiveCfg = Release|Any CPU
		{D4A8A90E-7F02-42C2-BA40-45581C8CF51A}.Release|Any CPU.Build.0 = Release|Any CPU
	EndGlobalSection
	GlobalSection(SolutionProperties) = preSolution
		HideSolutionNode = FALSE
	EndGlobalSection
	GlobalSection(ExtensibilityGlobals) = postSolution
		SolutionGuid = {28370474-AEE0-43FD-9CE8-C3C431A39B56}
	EndGlobalSection
EndGlobal
